
Microsoft Visual Studio Solution File, Format Version 12.00
# Visual Studio Version 17
VisualStudioVersion = 17.0.31903.59
MinimumVisualStudioVersion = 10.0.40219.1
Project("{2150E333-8FDC-42A3-9474-1A3956D46DE8}") = "src", "src", "{827E0CD3-B72D-47B6-A68D-7590B98EB39B}"
EndProject
Project("{FAE04EC0-301F-11D3-BF4B-00C04F79EFBC}") = "CustomerSupportCrm.Api", "src\CustomerSupportCrm.Api\CustomerSupportCrm.Api.csproj", "{F8D16ADB-11D0-4A4A-8CD5-F4F5E588CC67}"
EndProject
Project("{FAE04EC0-301F-11D3-BF4B-00C04F79EFBC}") = "CustomerSupportCrm.Application", "src\CustomerSupportCrm.Application\CustomerSupportCrm.Application.csproj", "{762A6BF0-6620-4CBA-B423-5229CAA07F3A}"
EndProject
Project("{FAE04EC0-301F-11D3-BF4B-00C04F79EFBC}") = "CustomerSupportCrm.Contracts", "src\CustomerSupportCrm.Contracts\CustomerSupportCrm.Contracts.csproj", "{1DF2DF4A-174A-4E91-BEA8-02375AD7CD39}"
EndProject
Project("{FAE04EC0-301F-11D3-BF4B-00C04F79EFBC}") = "CustomerSupportCrm.Domain", "src\CustomerSupportCrm.Domain\CustomerSupportCrm.Domain.csproj", "{3B696446-072F-4D45-9B4F-9D3B26ED06E2}"
EndProject
Project("{FAE04EC0-301F-11D3-BF4B-00C04F79EFBC}") = "CustomerSupportCrm.Infrastructure", "src\CustomerSupportCrm.Infrastructure\CustomerSupportCrm.Infrastructure.csproj", "{107592BD-46DA-43D2-9B3B-E5802124F156}"
EndProject
Project("{2150E333-8FDC-42A3-9474-1A3956D46DE8}") = "tests", "tests", "{0AB3BF05-4346-4AA6-1389-037BE0695223}"
EndProject
Project("{FAE04EC0-301F-11D3-BF4B-00C04F79EFBC}") = "CustomerSupportCrm.Api.Tests", "tests\CustomerSupportCrm.Api.Tests\CustomerSupportCrm.Api.Tests.csproj", "{A577DA2D-C845-4591-8434-9B32390A7B2C}"
EndProject
Project("{FAE04EC0-301F-11D3-BF4B-00C04F79EFBC}") = "CustomerSupportCrm.Application.Tests", "tests\CustomerSupportCrm.Application.Tests\CustomerSupportCrm.Application.Tests.csproj", "{1BDD0E93-3C83-40EB-BD02-1E9D1272DB62}"
EndProject
Project("{FAE04EC0-301F-11D3-BF4B-00C04F79EFBC}") = "CustomerSupportCrm.Domain.Tests", "tests\CustomerSupportCrm.Domain.Tests\CustomerSupportCrm.Domain.Tests.csproj", "{01F5EA8E-B57B-47B1-9192-89131CBC7981}"
EndProject
Project("{FAE04EC0-301F-11D3-BF4B-00C04F79EFBC}") = "CustomerSupportCrm.IntegrationTests", "tests\CustomerSupportCrm.IntegrationTests\CustomerSupportCrm.IntegrationTests.csproj", "{A98EB722-EA32-43C3-BB34-7E0D66EF8833}"
EndProject
Global
	GlobalSection(SolutionConfigurationPlatforms) = preSolution
		Debug|Any CPU = Debug|Any CPU
		Debug|x64 = Debug|x64
		Debug|x86 = Debug|x86
		Release|Any CPU = Release|Any CPU
		Release|x64 = Release|x64
		Release|x86 = Release|x86
	EndGlobalSection
	GlobalSection(ProjectConfigurationPlatforms) = postSolution
		{F8D16ADB-11D0-4A4A-8CD5-F4F5E588CC67}.Debug|Any CPU.ActiveCfg = Debug|Any CPU
		{F8D16ADB-11D0-4A4A-8CD5-F4F5E588CC67}.Debug|Any CPU.Build.0 = Debug|Any CPU
		{F8D16ADB-11D0-4A4A-8CD5-F4F5E588CC67}.Debug|x64.ActiveCfg = Debug|Any CPU
		{F8D16ADB-11D0-4A4A-8CD5-F4F5E588CC67}.Debug|x64.Build.0 = Debug|Any CPU
		{F8D16ADB-11D0-4A4A-8CD5-F4F5E588CC67}.Debug|x86.ActiveCfg = Debug|Any CPU
		{F8D16ADB-11D0-4A4A-8CD5-F4F5E588CC67}.Debug|x86.Build.0 = Debug|Any CPU
		{F8D16ADB-11D0-4A4A-8CD5-F4F5E588CC67}.Release|Any CPU.ActiveCfg = Release|Any CPU
		{F8D16ADB-11D0-4A4A-8CD5-F4F5E588CC67}.Release|Any CPU.Build.0 = Release|Any CPU
		{F8D16ADB-11D0-4A4A-8CD5-F4F5E588CC67}.Release|x64.ActiveCfg = Release|Any CPU
		{F8D16ADB-11D0-4A4A-8CD5-F4F5E588CC67}.Release|x64.Build.0 = Release|Any CPU
		{F8D16ADB-11D0-4A4A-8CD5-F4F5E588CC67}.Release|x86.ActiveCfg = Release|Any CPU
		{F8D16ADB-11D0-4A4A-8CD5-F4F5E588CC67}.Release|x86.Build.0 = Release|Any CPU
		{762A6BF0-6620-4CBA-B423-5229CAA07F3A}.Debug|Any CPU.ActiveCfg = Debug|Any CPU
		{762A6BF0-6620-4CBA-B423-5229CAA07F3A}.Debug|Any CPU.Build.0 = Debug|Any CPU
		{762A6BF0-6620-4CBA-B423-5229CAA07F3A}.Debug|x64.ActiveCfg = Debug|Any CPU
		{762A6BF0-6620-4CBA-B423-5229CAA07F3A}.Debug|x64.Build.0 = Debug|Any CPU
		{762A6BF0-6620-4CBA-B423-5229CAA07F3A}.Debug|x86.ActiveCfg = Debug|Any CPU
		{762A6BF0-6620-4CBA-B423-5229CAA07F3A}.Debug|x86.Build.0 = Debug|Any CPU
		{762A6BF0-6620-4CBA-B423-5229CAA07F3A}.Release|Any CPU.ActiveCfg = Release|Any CPU
		{762A6BF0-6620-4CBA-B423-5229CAA07F3A}.Release|Any CPU.Build.0 = Release|Any CPU
		{762A6BF0-6620-4CBA-B423-5229CAA07F3A}.Release|x64.ActiveCfg = Release|Any CPU
		{762A6BF0-6620-4CBA-B423-5229CAA07F3A}.Release|x64.Build.0 = Release|Any CPU
		{762A6BF0-6620-4CBA-B423-5229CAA07F3A}.Release|x86.ActiveCfg = Release|Any CPU
		{762A6BF0-6620-4CBA-B423-5229CAA07F3A}.Release|x86.Build.0 = Release|Any CPU
		{1DF2DF4A-174A-4E91-BEA8-02375AD7CD39}.Debug|Any CPU.ActiveCfg = Debug|Any CPU
		{1DF2DF4A-174A-4E91-BEA8-02375AD7CD39}.Debug|Any CPU.Build.0 = Debug|Any CPU
		{1DF2DF4A-174A-4E91-BEA8-02375AD7CD39}.Debug|x64.ActiveCfg = Debug|Any CPU
		{1DF2DF4A-174A-4E91-BEA8-02375AD7CD39}.Debug|x64.Build.0 = Debug|Any CPU
		{1DF2DF4A-174A-4E91-BEA8-02375AD7CD39}.Debug|x86.ActiveCfg = Debug|Any CPU
		{1DF2DF4A-174A-4E91-BEA8-02375AD7CD39}.Debug|x86.Build.0 = Debug|Any CPU
		{1DF2DF4A-174A-4E91-BEA8-02375AD7CD39}.Release|Any CPU.ActiveCfg = Release|Any CPU
		{1DF2DF4A-174A-4E91-BEA8-02375AD7CD39}.Release|Any CPU.Build.0 = Release|Any CPU
		{1DF2DF4A-174A-4E91-BEA8-02375AD7CD39}.Release|x64.ActiveCfg = Release|Any CPU
		{1DF2DF4A-174A-4E91-BEA8-02375AD7CD39}.Release|x64.Build.0 = Release|Any CPU
		{1DF2DF4A-174A-4E91-BEA8-02375AD7CD39}.Release|x86.ActiveCfg = Release|Any CPU
		{1DF2DF4A-174A-4E91-BEA8-02375AD7CD39}.Release|x86.Build.0 = Release|Any CPU
		{3B696446-072F-4D45-9B4F-9D3B26ED06E2}.Debug|Any CPU.ActiveCfg = Debug|Any CPU
		{3B696446-072F-4D45-9B4F-9D3B26ED06E2}.Debug|Any CPU.Build.0 = Debug|Any CPU
		{3B696446-072F-4D45-9B4F-9D3B26ED06E2}.Debug|x64.ActiveCfg = Debug|Any CPU
		{3B696446-072F-4D45-9B4F-9D3B26ED06E2}.Debug|x64.Build.0 = Debug|Any CPU
		{3B696446-072F-4D45-9B4F-9D3B26ED06E2}.Debug|x86.ActiveCfg = Debug|Any CPU
		{3B696446-072F-4D45-9B4F-9D3B26ED06E2}.Debug|x86.Build.0 = Debug|Any CPU
		{3B696446-072F-4D45-9B4F-9D3B26ED06E2}.Release|Any CPU.ActiveCfg = Release|Any CPU
		{3B696446-072F-4D45-9B4F-9D3B26ED06E2}.Release|Any CPU.Build.0 = Release|Any CPU
		{3B696446-072F-4D45-9B4F-9D3B26ED06E2}.Release|x64.ActiveCfg = Release|Any CPU
		{3B696446-072F-4D45-9B4F-9D3B26ED06E2}.Release|x64.Build.0 = Release|Any CPU
		{3B696446-072F-4D45-9B4F-9D3B26ED06E2}.Release|x86.ActiveCfg = Release|Any CPU
		{3B696446-072F-4D45-9B4F-9D3B26ED06E2}.Release|x86.Build.0 = Release|Any CPU
		{107592BD-46DA-43D2-9B3B-E5802124F156}.Debug|Any CPU.ActiveCfg = Debug|Any CPU
		{107592BD-46DA-43D2-9B3B-E5802124F156}.Debug|Any CPU.Build.0 = Debug|Any CPU
		{107592BD-46DA-43D2-9B3B-E5802124F156}.Debug|x64.ActiveCfg = Debug|Any CPU
		{107592BD-46DA-43D2-9B3B-E5802124F156}.Debug|x64.Build.0 = Debug|Any CPU
		{107592BD-46DA-43D2-9B3B-E5802124F156}.Debug|x86.ActiveCfg = Debug|Any CPU
		{107592BD-46DA-43D2-9B3B-E5802124F156}.Debug|x86.Build.0 = Debug|Any CPU
		{107592BD-46DA-43D2-9B3B-E5802124F156}.Release|Any CPU.ActiveCfg = Release|Any CPU
		{107592BD-46DA-43D2-9B3B-E5802124F156}.Release|Any CPU.Build.0 = Release|Any CPU
		{107592BD-46DA-43D2-9B3B-E5802124F156}.Release|x64.ActiveCfg = Release|Any CPU
		{107592BD-46DA-43D2-9B3B-E5802124F156}.Release|x64.Build.0 = Release|Any CPU
		{107592BD-46DA-43D2-9B3B-E5802124F156}.Release|x86.ActiveCfg = Release|Any CPU
		{107592BD-46DA-43D2-9B3B-E5802124F156}.Release|x86.Build.0 = Release|Any CPU
		{A577DA2D-C845-4591-8434-9B32390A7B2C}.Debug|Any CPU.ActiveCfg = Debug|Any CPU
		{A577DA2D-C845-4591-8434-9B32390A7B2C}.Debug|Any CPU.Build.0 = Debug|Any CPU
		{A577DA2D-C845-4591-8434-9B32390A7B2C}.Debug|x64.ActiveCfg = Debug|Any CPU
		{A577DA2D-C845-4591-8434-9B32390A7B2C}.Debug|x64.Build.0 = Debug|Any CPU
		{A577DA2D-C845-4591-8434-9B32390A7B2C}.Debug|x86.ActiveCfg = Debug|Any CPU
		{A577DA2D-C845-4591-8434-9B32390A7B2C}.Debug|x86.Build.0 = Debug|Any CPU
		{A577DA2D-C845-4591-8434-9B32390A7B2C}.Release|Any CPU.ActiveCfg = Release|Any CPU
		{A577DA2D-C845-4591-8434-9B32390A7B2C}.Release|Any CPU.Build.0 = Release|Any CPU
		{A577DA2D-C845-4591-8434-9B32390A7B2C}.Release|x64.ActiveCfg = Release|Any CPU
		{A577DA2D-C845-4591-8434-9B32390A7B2C}.Release|x64.Build.0 = Release|Any CPU
		{A577DA2D-C845-4591-8434-9B32390A7B2C}.Release|x86.ActiveCfg = Release|Any CPU
		{A577DA2D-C845-4591-8434-9B32390A7B2C}.Release|x86.Build.0 = Release|Any CPU
		{1BDD0E93-3C83-40EB-BD02-1E9D1272DB62}.Debug|Any CPU.ActiveCfg = Debug|Any CPU
		{1BDD0E93-3C83-40EB-BD02-1E9D1272DB62}.Debug|Any CPU.Build.0 = Debug|Any CPU
		{1BDD0E93-3C83-40EB-BD02-1E9D1272DB62}.Debug|x64.ActiveCfg = Debug|Any CPU
		{1BDD0E93-3C83-40EB-BD02-1E9D1272DB62}.Debug|x64.Build.0 = Debug|Any CPU
		{1BDD0E93-3C83-40EB-BD02-1E9D1272DB62}.Debug|x86.ActiveCfg = Debug|Any CPU
		{1BDD0E93-3C83-40EB-BD02-1E9D1272DB62}.Debug|x86.Build.0 = Debug|Any CPU
		{1BDD0E93-3C83-40EB-BD02-1E9D1272DB62}.Release|Any CPU.ActiveCfg = Release|Any CPU
		{1BDD0E93-3C83-40EB-BD02-1E9D1272DB62}.Release|Any CPU.Build.0 = Release|Any CPU
		{1BDD0E93-3C83-40EB-BD02-1E9D1272DB62}.Release|x64.ActiveCfg = Release|Any CPU
		{1BDD0E93-3C83-40EB-BD02-1E9D1272DB62}.Release|x64.Build.0 = Release|Any CPU
		{1BDD0E93-3C83-40EB-BD02-1E9D1272DB62}.Release|x86.ActiveCfg = Release|Any CPU
		{1BDD0E93-3C83-40EB-BD02-1E9D1272DB62}.Release|x86.Build.0 = Release|Any CPU
		{01F5EA8E-B57B-47B1-9192-89131CBC7981}.Debug|Any CPU.ActiveCfg = Debug|Any CPU
		{01F5EA8E-B57B-47B1-9192-89131CBC7981}.Debug|Any CPU.Build.0 = Debug|Any CPU
		{01F5EA8E-B57B-47B1-9192-89131CBC7981}.Debug|x64.ActiveCfg = Debug|Any CPU
		{01F5EA8E-B57B-47B1-9192-89131CBC7981}.Debug|x64.Build.0 = Debug|Any CPU
		{01F5EA8E-B57B-47B1-9192-89131CBC7981}.Debug|x86.ActiveCfg = Debug|Any CPU
		{01F5EA8E-B57B-47B1-9192-89131CBC7981}.Debug|x86.Build.0 = Debug|Any CPU
		{01F5EA8E-B57B-47B1-9192-89131CBC7981}.Release|Any CPU.ActiveCfg = Release|Any CPU
		{01F5EA8E-B57B-47B1-9192-89131CBC7981}.Release|Any CPU.Build.0 = Release|Any CPU
		{01F5EA8E-B57B-47B1-9192-89131CBC7981}.Release|x64.ActiveCfg = Release|Any CPU
		{01F5EA8E-B57B-47B1-9192-89131CBC7981}.Release|x64.Build.0 = Release|Any CPU
		{01F5EA8E-B57B-47B1-9192-89131CBC7981}.Release|x86.ActiveCfg = Release|Any CPU
		{01F5EA8E-B57B-47B1-9192-89131CBC7981}.Release|x86.Build.0 = Release|Any CPU
		{A98EB722-EA32-43C3-BB34-7E0D66EF8833}.Debug|Any CPU.ActiveCfg = Debug|Any CPU
		{A98EB722-EA32-43C3-BB34-7E0D66EF8833}.Debug|Any CPU.Build.0 = Debug|Any CPU
		{A98EB722-EA32-43C3-BB34-7E0D66EF8833}.Debug|x64.ActiveCfg = Debug|Any CPU
		{A98EB722-EA32-43C3-BB34-7E0D66EF8833}.Debug|x64.Build.0 = Debug|Any CPU
		{A98EB722-EA32-43C3-BB34-7E0D66EF8833}.Debug|x86.ActiveCfg = Debug|Any CPU
		{A98EB722-EA32-43C3-BB34-7E0D66EF8833}.Debug|x86.Build.0 = Debug|Any CPU
		{A98EB722-EA32-43C3-BB34-7E0D66EF8833}.Release|Any CPU.ActiveCfg = Release|Any CPU
		{A98EB722-EA32-43C3-BB34-7E0D66EF8833}.Release|Any CPU.Build.0 = Release|Any CPU
		{A98EB722-EA32-43C3-BB34-7E0D66EF8833}.Release|x64.ActiveCfg = Release|Any CPU
		{A98EB722-EA32-43C3-BB34-7E0D66EF8833}.Release|x64.Build.0 = Release|Any CPU
		{A98EB722-EA32-43C3-BB34-7E0D66EF8833}.Release|x86.ActiveCfg = Release|Any CPU
		{A98EB722-EA32-43C3-BB34-7E0D66EF8833}.Release|x86.Build.0 = Release|Any CPU
	EndGlobalSection
	GlobalSection(SolutionProperties) = preSolution
		HideSolutionNode = FALSE
	EndGlobalSection
	GlobalSection(NestedProjects) = preSolution
		{F8D16ADB-11D0-4A4A-8CD5-F4F5E588CC67} = {827E0CD3-B72D-47B6-A68D-7590B98EB39B}
		{762A6BF0-6620-4CBA-B423-5229CAA07F3A} = {827E0CD3-B72D-47B6-A68D-7590B98EB39B}
		{1DF2DF4A-174A-4E91-BEA8-02375AD7CD39} = {827E0CD3-B72D-47B6-A68D-7590B98EB39B}
		{3B696446-072F-4D45-9B4F-9D3B26ED06E2} = {827E0CD3-B72D-47B6-A68D-7590B98EB39B}
		{107592BD-46DA-43D2-9B3B-E5802124F156} = {827E0CD3-B72D-47B6-A68D-7590B98EB39B}
		{A577DA2D-C845-4591-8434-9B32390A7B2C} = {0AB3BF05-4346-4AA6-1389-037BE0695223}
		{1BDD0E93-3C83-40EB-BD02-1E9D1272DB62} = {0AB3BF05-4346-4AA6-1389-037BE0695223}
		{01F5EA8E-B57B-47B1-9192-89131CBC7981} = {0AB3BF05-4346-4AA6-1389-037BE0695223}
		{A98EB722-EA32-43C3-BB34-7E0D66EF8833} = {0AB3BF05-4346-4AA6-1389-037BE0695223}
	EndGlobalSection
EndGlobal
